
Microsoft Visual Studio Solution File, Format Version 12.00
# Visual Studio Version 17
VisualStudioVersion = 17.1.32407.343
MinimumVisualStudioVersion = 10.0.40219.1
Project("{9A19103F-16F7-4668-BE54-9A1E7A4F7556}") = "NotationTeacher", "NotationTeacher\NotationTeacher.csproj", "{2CFA8C9E-1FCE-4E2B-82AB-D977B7BB1AC5}"
EndProject
Global
	GlobalSection(SolutionConfigurationPlatforms) = preSolution
		Debug|Any CPU = Debug|Any CPU
		Release|Any CPU = Release|Any CPU
	EndGlobalSection
	GlobalSection(ProjectConfigurationPlatforms) = postSolution
		{2CFA8C9E-1FCE-4E2B-82AB-D977B7BB1AC5}.Debug|Any CPU.ActiveCfg = Debug|Any CPU
		{2CFA8C9E-1FCE-4E2B-82AB-D977B7BB1AC5}.Debug|Any CPU.Build.0 = Debug|Any CPU
		{2CFA8C9E-1FCE-4E2B-82AB-D977B7BB1AC5}.Release|Any CPU.ActiveCfg = Release|Any CPU
		{2CFA8C9E-1FCE-4E2B-82AB-D977B7BB1AC5}.Release|Any CPU.Build.0 = Release|Any CPU
	EndGlobalSection
	GlobalSection(SolutionProperties) = preSolution
		HideSolutionNode = FALSE
	EndGlobalSection
	GlobalSection(ExtensibilityGlobals) = postSolution
		SolutionGuid = {2F590E85-C1F3-4382-85E6-3920A8C5F874}
	EndGlobalSection
EndGlobal
